
Microsoft Visual Studio Solution File, Format Version 12.00
# Visual Studio Version 17
VisualStudioVersion = 17.11.35312.102
MinimumVisualStudioVersion = 10.0.40219.1
Project("{FAE04EC0-301F-11D3-BF4B-00C04F79EFBC}") = "ShopServer", "ShopServer\ShopServer.csproj", "{4406A947-B491-4A78-A19C-5B8D7F856215}"
EndProject
Project("{FAE04EC0-301F-11D3-BF4B-00C04F79EFBC}") = "ShopClientTest", "ShopClientTest\ShopClientTest.csproj", "{77910D16-D19A-4965-B6A5-F8C1340347F4}"
EndProject
Project("{FAE04EC0-301F-11D3-BF4B-00C04F79EFBC}") = "ShopClient", "ShopClient\ShopClient.csproj", "{42EC1EB4-F0CD-48CE-9398-08DCDA0C19E1}"
EndProject
Global
	GlobalSection(SolutionConfigurationPlatforms) = preSolution
		Debug|Any CPU = Debug|Any CPU
		Release|Any CPU = Release|Any CPU
	EndGlobalSection
	GlobalSection(ProjectConfigurationPlatforms) = postSolution
		{4406A947-B491-4A78-A19C-5B8D7F856215}.Debug|Any CPU.ActiveCfg = Debug|Any CPU
		{4406A947-B491-4A78-A19C-5B8D7F856215}.Debug|Any CPU.Build.0 = Debug|Any CPU
		{4406A947-B491-4A78-A19C-5B8D7F856215}.Release|Any CPU.ActiveCfg = Release|Any CPU
		{4406A947-B491-4A78-A19C-5B8D7F856215}.Release|Any CPU.Build.0 = Release|Any CPU
		{77910D16-D19A-4965-B6A5-F8C1340347F4}.Debug|Any CPU.ActiveCfg = Debug|Any CPU
		{77910D16-D19A-4965-B6A5-F8C1340347F4}.Debug|Any CPU.Build.0 = Debug|Any CPU
		{77910D16-D19A-4965-B6A5-F8C1340347F4}.Release|Any CPU.ActiveCfg = Release|Any CPU
		{77910D16-D19A-4965-B6A5-F8C1340347F4}.Release|Any CPU.Build.0 = Release|Any CPU
		{42EC1EB4-F0CD-48CE-9398-08DCDA0C19E1}.Debug|Any CPU.ActiveCfg = Debug|Any CPU
		{42EC1EB4-F0CD-48CE-9398-08DCDA0C19E1}.Debug|Any CPU.Build.0 = Debug|Any CPU
		{42EC1EB4-F0CD-48CE-9398-08DCDA0C19E1}.Release|Any CPU.ActiveCfg = Release|Any CPU
		{42EC1EB4-F0CD-48CE-9398-08DCDA0C19E1}.Release|Any CPU.Build.0 = Release|Any CPU
	EndGlobalSection
	GlobalSection(SolutionProperties) = preSolution
		HideSolutionNode = FALSE
	EndGlobalSection
	GlobalSection(ExtensibilityGlobals) = postSolution
		SolutionGuid = {65558CB3-1FA5-48FB-9417-2535FEBAFBBB}
	EndGlobalSection
EndGlobal
